
Microsoft Visual Studio Solution File, Format Version 12.00
# Visual Studio Version 16
VisualStudioVersion = 16.0.28803.156
MinimumVisualStudioVersion = 10.0.40219.1
Project("{FAE04EC0-301F-11D3-BF4B-00C04F79EFBC}") = "MeetingBooking", "MeetingBooking\MeetingBooking.csproj", "{83DDE3DD-0F51-490F-8EEB-9F4425D67BBC}"
EndProject
Project("{FAE04EC0-301F-11D3-BF4B-00C04F79EFBC}") = "Model", "Model\Model.csproj", "{A1B124C7-889F-4EAB-BB5B-29AE622D4CBC}"
EndProject
Global
	GlobalSection(SolutionConfigurationPlatforms) = preSolution
		Debug|Any CPU = Debug|Any CPU
		Release|Any CPU = Release|Any CPU
	EndGlobalSection
	GlobalSection(ProjectConfigurationPlatforms) = postSolution
		{83DDE3DD-0F51-490F-8EEB-9F4425D67BBC}.Debug|Any CPU.ActiveCfg = Debug|Any CPU
		{83DDE3DD-0F51-490F-8EEB-9F4425D67BBC}.Debug|Any CPU.Build.0 = Debug|Any CPU
		{83DDE3DD-0F51-490F-8EEB-9F4425D67BBC}.Release|Any CPU.ActiveCfg = Release|Any CPU
		{83DDE3DD-0F51-490F-8EEB-9F4425D67BBC}.Release|Any CPU.Build.0 = Release|Any CPU
		{A1B124C7-889F-4EAB-BB5B-29AE622D4CBC}.Debug|Any CPU.ActiveCfg = Debug|Any CPU
		{A1B124C7-889F-4EAB-BB5B-29AE622D4CBC}.Debug|Any CPU.Build.0 = Debug|Any CPU
		{A1B124C7-889F-4EAB-BB5B-29AE622D4CBC}.Release|Any CPU.ActiveCfg = Release|Any CPU
		{A1B124C7-889F-4EAB-BB5B-29AE622D4CBC}.Release|Any CPU.Build.0 = Release|Any CPU
	EndGlobalSection
	GlobalSection(SolutionProperties) = preSolution
		HideSolutionNode = FALSE
	EndGlobalSection
	GlobalSection(ExtensibilityGlobals) = postSolution
		SolutionGuid = {7A66941E-1025-4CDC-9E25-6BE4D5FCC1AD}
	EndGlobalSection
EndGlobal
